// !$*UTF8*$!
{
	archiveVersion = 1;
	classes = {
	};
	objectVersion = 46;
	objects = {

/* Begin PBXBuildFile section */
		0C839F351BFDD74D00255EDD /* AppDelegate.swift in Sources */ = {isa = PBXBuildFile; fileRef = 0C839F341BFDD74D00255EDD /* AppDelegate.swift */; };
		0C839F371BFDD74D00255EDD /* ViewController.swift in Sources */ = {isa = PBXBuildFile; fileRef = 0C839F361BFDD74D00255EDD /* ViewController.swift */; };
		0C839F3A1BFDD74D00255EDD /* Main.storyboard in Resources */ = {isa = PBXBuildFile; fileRef = 0C839F381BFDD74D00255EDD /* Main.storyboard */; };
		0C839F3C1BFDD74D00255EDD /* Assets.xcassets in Resources */ = {isa = PBXBuildFile; fileRef = 0C839F3B1BFDD74D00255EDD /* Assets.xcassets */; };
		0C839F3F1BFDD74D00255EDD /* LaunchScreen.storyboard in Resources */ = {isa = PBXBuildFile; fileRef = 0C839F3D1BFDD74D00255EDD /* LaunchScreen.storyboard */; };
		0C839F4A1BFDD74D00255EDD /* ResultPromiseTests.swift in Sources */ = {isa = PBXBuildFile; fileRef = 0C839F491BFDD74D00255EDD /* ResultPromiseTests.swift */; };
		4D7B41C71CDC6F6300AA014E /* Create.swift in Sources */ = {isa = PBXBuildFile; fileRef = 4D7B41BB1CDC6F6300AA014E /* Create.swift */; };
		4D7B41C81CDC6F6300AA014E /* Delay.swift in Sources */ = {isa = PBXBuildFile; fileRef = 4D7B41BC1CDC6F6300AA014E /* Delay.swift */; };
		4D7B41C91CDC6F6300AA014E /* Promisify.swift in Sources */ = {isa = PBXBuildFile; fileRef = 4D7B41BD1CDC6F6300AA014E /* Promisify.swift */; };
		4D7B41CA1CDC6F6300AA014E /* Recover.swift in Sources */ = {isa = PBXBuildFile; fileRef = 4D7B41BE1CDC6F6300AA014E /* Recover.swift */; };
		4D7B41CB1CDC6F6300AA014E /* Result.swift in Sources */ = {isa = PBXBuildFile; fileRef = 4D7B41BF1CDC6F6300AA014E /* Result.swift */; };
		4D7B41CC1CDC6F6300AA014E /* Result+Extensions.swift in Sources */ = {isa = PBXBuildFile; fileRef = 4D7B41C01CDC6F6300AA014E /* Result+Extensions.swift */; };
		4D7B41CD1CDC6F6300AA014E /* ResultPromise.swift in Sources */ = {isa = PBXBuildFile; fileRef = 4D7B41C21CDC6F6300AA014E /* ResultPromise.swift */; };
		4D7B41CE1CDC6F6300AA014E /* ResultType.swift in Sources */ = {isa = PBXBuildFile; fileRef = 4D7B41C31CDC6F6300AA014E /* ResultType.swift */; };
		4D7B41CF1CDC6F6300AA014E /* Threading.swift in Sources */ = {isa = PBXBuildFile; fileRef = 4D7B41C41CDC6F6300AA014E /* Threading.swift */; };
		4D7B41D01CDC6F6300AA014E /* Wait.swift in Sources */ = {isa = PBXBuildFile; fileRef = 4D7B41C51CDC6F6300AA014E /* Wait.swift */; };
		4D7B41D11CDC6F6300AA014E /* Zip.swift in Sources */ = {isa = PBXBuildFile; fileRef = 4D7B41C61CDC6F6300AA014E /* Zip.swift */; };
/* End PBXBuildFile section */

/* Begin PBXContainerItemProxy section */
		0C839F461BFDD74D00255EDD /* PBXContainerItemProxy */ = {
			isa = PBXContainerItemProxy;
			containerPortal = 0C839F291BFDD74D00255EDD /* Project object */;
			proxyType = 1;
			remoteGlobalIDString = 0C839F301BFDD74D00255EDD;
			remoteInfo = ResultPromise;
		};
/* End PBXContainerItemProxy section */

/* Begin PBXFileReference section */
		0C839F311BFDD74D00255EDD /* ResultPromise.app */ = {isa = PBXFileReference; explicitFileType = wrapper.application; includeInIndex = 0; path = ResultPromise.app; sourceTree = BUILT_PRODUCTS_DIR; };
		0C839F341BFDD74D00255EDD /* AppDelegate.swift */ = {isa = PBXFileReference; lastKnownFileType = sourcecode.swift; path = AppDelegate.swift; sourceTree = "<group>"; };
		0C839F361BFDD74D00255EDD /* ViewController.swift */ = {isa = PBXFileReference; lastKnownFileType = sourcecode.swift; path = ViewController.swift; sourceTree = "<group>"; };
		0C839F391BFDD74D00255EDD /* Base */ = {isa = PBXFileReference; lastKnownFileType = file.storyboard; name = Base; path = Base.lproj/Main.storyboard; sourceTree = "<group>"; };
		0C839F3B1BFDD74D00255EDD /* Assets.xcassets */ = {isa = PBXFileReference; lastKnownFileType = folder.assetcatalog; path = Assets.xcassets; sourceTree = "<group>"; };
		0C839F3E1BFDD74D00255EDD /* Base */ = {isa = PBXFileReference; lastKnownFileType = file.storyboard; name = Base; path = Base.lproj/LaunchScreen.storyboard; sourceTree = "<group>"; };
		0C839F401BFDD74D00255EDD /* Info.plist */ = {isa = PBXFileReference; lastKnownFileType = text.plist.xml; path = Info.plist; sourceTree = "<group>"; };
		0C839F451BFDD74D00255EDD /* ResultPromiseTests.xctest */ = {isa = PBXFileReference; explicitFileType = wrapper.cfbundle; includeInIndex = 0; path = ResultPromiseTests.xctest; sourceTree = BUILT_PRODUCTS_DIR; };
		0C839F491BFDD74D00255EDD /* ResultPromiseTests.swift */ = {isa = PBXFileReference; lastKnownFileType = sourcecode.swift; path = ResultPromiseTests.swift; sourceTree = "<group>"; };
		0C839F4B1BFDD74D00255EDD /* Info.plist */ = {isa = PBXFileReference; lastKnownFileType = text.plist.xml; path = Info.plist; sourceTree = "<group>"; };
		4D7B41BB1CDC6F6300AA014E /* Create.swift */ = {isa = PBXFileReference; fileEncoding = 4; lastKnownFileType = sourcecode.swift; name = Create.swift; path = ../../Framework/ResultPromise/Create.swift; sourceTree = "<group>"; };
		4D7B41BC1CDC6F6300AA014E /* Delay.swift */ = {isa = PBXFileReference; fileEncoding = 4; lastKnownFileType = sourcecode.swift; name = Delay.swift; path = ../../Framework/ResultPromise/Delay.swift; sourceTree = "<group>"; };
		4D7B41BD1CDC6F6300AA014E /* Promisify.swift */ = {isa = PBXFileReference; fileEncoding = 4; lastKnownFileType = sourcecode.swift; name = Promisify.swift; path = ../../Framework/ResultPromise/Promisify.swift; sourceTree = "<group>"; };
		4D7B41BE1CDC6F6300AA014E /* Recover.swift */ = {isa = PBXFileReference; fileEncoding = 4; lastKnownFileType = sourcecode.swift; name = Recover.swift; path = ../../Framework/ResultPromise/Recover.swift; sourceTree = "<group>"; };
		4D7B41BF1CDC6F6300AA014E /* Result.swift */ = {isa = PBXFileReference; fileEncoding = 4; lastKnownFileType = sourcecode.swift; name = Result.swift; path = ../../Framework/ResultPromise/Result.swift; sourceTree = "<group>"; };
		4D7B41C01CDC6F6300AA014E /* Result+Extensions.swift */ = {isa = PBXFileReference; fileEncoding = 4; lastKnownFileType = sourcecode.swift; name = "Result+Extensions.swift"; path = "../../Framework/ResultPromise/Result+Extensions.swift"; sourceTree = "<group>"; };
		4D7B41C11CDC6F6300AA014E /* ResultPromise.h */ = {isa = PBXFileReference; fileEncoding = 4; lastKnownFileType = sourcecode.c.h; name = ResultPromise.h; path = ../../Framework/ResultPromise/ResultPromise.h; sourceTree = "<group>"; };
		4D7B41C21CDC6F6300AA014E /* ResultPromise.swift */ = {isa = PBXFileReference; fileEncoding = 4; lastKnownFileType = sourcecode.swift; name = ResultPromise.swift; path = ../../Framework/ResultPromise/ResultPromise.swift; sourceTree = "<group>"; };
		4D7B41C31CDC6F6300AA014E /* ResultType.swift */ = {isa = PBXFileReference; fileEncoding = 4; lastKnownFileType = sourcecode.swift; name = ResultType.swift; path = ../../Framework/ResultPromise/ResultType.swift; sourceTree = "<group>"; };
		4D7B41C41CDC6F6300AA014E /* Threading.swift */ = {isa = PBXFileReference; fileEncoding = 4; lastKnownFileType = sourcecode.swift; name = Threading.swift; path = ../../Framework/ResultPromise/Threading.swift; sourceTree = "<group>"; };
		4D7B41C51CDC6F6300AA014E /* Wait.swift */ = {isa = PBXFileReference; fileEncoding = 4; lastKnownFileType = sourcecode.swift; name = Wait.swift; path = ../../Framework/ResultPromise/Wait.swift; sourceTree = "<group>"; };
		4D7B41C61CDC6F6300AA014E /* Zip.swift */ = {isa = PBXFileReference; fileEncoding = 4; lastKnownFileType = sourcecode.swift; name = Zip.swift; path = ../../Framework/ResultPromise/Zip.swift; sourceTree = "<group>"; };
/* End PBXFileReference section */

/* Begin PBXFrameworksBuildPhase section */
		0C839F2E1BFDD74D00255EDD /* Frameworks */ = {
			isa = PBXFrameworksBuildPhase;
			buildActionMask = 2147483647;
			files = (
			);
			runOnlyForDeploymentPostprocessing = 0;
		};
		0C839F421BFDD74D00255EDD /* Frameworks */ = {
			isa = PBXFrameworksBuildPhase;
			buildActionMask = 2147483647;
			files = (
			);
			runOnlyForDeploymentPostprocessing = 0;
		};
/* End PBXFrameworksBuildPhase section */

/* Begin PBXGroup section */
		0C839F281BFDD74D00255EDD = {
			isa = PBXGroup;
			children = (
				0C839F331BFDD74D00255EDD /* ResultPromise */,
				0C839F481BFDD74D00255EDD /* ResultPromiseTests */,
				0C839F321BFDD74D00255EDD /* Products */,
			);
			sourceTree = "<group>";
		};
		0C839F321BFDD74D00255EDD /* Products */ = {
			isa = PBXGroup;
			children = (
				0C839F311BFDD74D00255EDD /* ResultPromise.app */,
				0C839F451BFDD74D00255EDD /* ResultPromiseTests.xctest */,
			);
			name = Products;
			sourceTree = "<group>";
		};
		0C839F331BFDD74D00255EDD /* ResultPromise */ = {
			isa = PBXGroup;
			children = (
				0C839F341BFDD74D00255EDD /* AppDelegate.swift */,
				0C839F361BFDD74D00255EDD /* ViewController.swift */,
				0C839F381BFDD74D00255EDD /* Main.storyboard */,
				4D7B41D21CDC6F7600AA014E /* ResultPromise */,
				0C839F3B1BFDD74D00255EDD /* Assets.xcassets */,
				0C839F3D1BFDD74D00255EDD /* LaunchScreen.storyboard */,
				0C839F401BFDD74D00255EDD /* Info.plist */,
			);
			path = ResultPromise;
			sourceTree = "<group>";
		};
		0C839F481BFDD74D00255EDD /* ResultPromiseTests */ = {
			isa = PBXGroup;
			children = (
				0C839F491BFDD74D00255EDD /* ResultPromiseTests.swift */,
				0C839F4B1BFDD74D00255EDD /* Info.plist */,
			);
			path = ResultPromiseTests;
			sourceTree = "<group>";
		};
		4D7B41D21CDC6F7600AA014E /* ResultPromise */ = {
			isa = PBXGroup;
			children = (
				4D7B41BB1CDC6F6300AA014E /* Create.swift */,
				4D7B41BC1CDC6F6300AA014E /* Delay.swift */,
				4D7B41BD1CDC6F6300AA014E /* Promisify.swift */,
				4D7B41BE1CDC6F6300AA014E /* Recover.swift */,
				4D7B41BF1CDC6F6300AA014E /* Result.swift */,
				4D7B41C01CDC6F6300AA014E /* Result+Extensions.swift */,
				4D7B41C11CDC6F6300AA014E /* ResultPromise.h */,
				4D7B41C21CDC6F6300AA014E /* ResultPromise.swift */,
				4D7B41C31CDC6F6300AA014E /* ResultType.swift */,
				4D7B41C41CDC6F6300AA014E /* Threading.swift */,
				4D7B41C51CDC6F6300AA014E /* Wait.swift */,
				4D7B41C61CDC6F6300AA014E /* Zip.swift */,
			);
			name = ResultPromise;
			sourceTree = "<group>";
		};
/* End PBXGroup section */

/* Begin PBXNativeTarget section */
		0C839F301BFDD74D00255EDD /* ResultPromise */ = {
			isa = PBXNativeTarget;
			buildConfigurationList = 0C839F4E1BFDD74D00255EDD /* Build configuration list for PBXNativeTarget "ResultPromise" */;
			buildPhases = (
				0C839F2D1BFDD74D00255EDD /* Sources */,
				0C839F2E1BFDD74D00255EDD /* Frameworks */,
				0C839F2F1BFDD74D00255EDD /* Resources */,
			);
			buildRules = (
			);
			dependencies = (
			);
			name = ResultPromise;
			productName = ResultPromise;
			productReference = 0C839F311BFDD74D00255EDD /* ResultPromise.app */;
			productType = "com.apple.product-type.application";
		};
		0C839F441BFDD74D00255EDD /* ResultPromiseTests */ = {
			isa = PBXNativeTarget;
			buildConfigurationList = 0C839F511BFDD74D00255EDD /* Build configuration list for PBXNativeTarget "ResultPromiseTests" */;
			buildPhases = (
				0C839F411BFDD74D00255EDD /* Sources */,
				0C839F421BFDD74D00255EDD /* Frameworks */,
				0C839F431BFDD74D00255EDD /* Resources */,
			);
			buildRules = (
			);
			dependencies = (
				0C839F471BFDD74D00255EDD /* PBXTargetDependency */,
			);
			name = ResultPromiseTests;
			productName = ResultPromiseTests;
			productReference = 0C839F451BFDD74D00255EDD /* ResultPromiseTests.xctest */;
			productType = "com.apple.product-type.bundle.unit-test";
		};
/* End PBXNativeTarget section */

/* Begin PBXProject section */
		0C839F291BFDD74D00255EDD /* Project object */ = {
			isa = PBXProject;
			attributes = {
				LastSwiftUpdateCheck = 0710;
				LastUpgradeCheck = 0710;
				ORGANIZATIONNAME = "Mark Aron Szulyovszky";
				TargetAttributes = {
					0C839F301BFDD74D00255EDD = {
						CreatedOnToolsVersion = 7.1.1;
					};
					0C839F441BFDD74D00255EDD = {
						CreatedOnToolsVersion = 7.1.1;
						TestTargetID = 0C839F301BFDD74D00255EDD;
					};
				};
			};
			buildConfigurationList = 0C839F2C1BFDD74D00255EDD /* Build configuration list for PBXProject "ResultPromise" */;
			compatibilityVersion = "Xcode 3.2";
			developmentRegion = English;
			hasScannedForEncodings = 0;
			knownRegions = (
				en,
				Base,
			);
			mainGroup = 0C839F281BFDD74D00255EDD;
			productRefGroup = 0C839F321BFDD74D00255EDD /* Products */;
			projectDirPath = "";
			projectRoot = "";
			targets = (
				0C839F301BFDD74D00255EDD /* ResultPromise */,
				0C839F441BFDD74D00255EDD /* ResultPromiseTests */,
			);
		};
/* End PBXProject section */

/* Begin PBXResourcesBuildPhase section */
		0C839F2F1BFDD74D00255EDD /* Resources */ = {
			isa = PBXResourcesBuildPhase;
			buildActionMask = 2147483647;
			files = (
				0C839F3F1BFDD74D00255EDD /* LaunchScreen.storyboard in Resources */,
				0C839F3C1BFDD74D00255EDD /* Assets.xcassets in Resources */,
				0C839F3A1BFDD74D00255EDD /* Main.storyboard in Resources */,
			);
			runOnlyForDeploymentPostprocessing = 0;
		};
		0C839F431BFDD74D00255EDD /* Resources */ = {
			isa = PBXResourcesBuildPhase;
			buildActionMask = 2147483647;
			files = (
			);
			runOnlyForDeploymentPostprocessing = 0;
		};
/* End PBXResourcesBuildPhase section */

/* Begin PBXSourcesBuildPhase section */
		0C839F2D1BFDD74D00255EDD /* Sources */ = {
			isa = PBXSourcesBuildPhase;
			buildActionMask = 2147483647;
			files = (
				4D7B41CB1CDC6F6300AA014E /* Result.swift in Sources */,
				0C839F371BFDD74D00255EDD /* ViewController.swift in Sources */,
				4D7B41D01CDC6F6300AA014E /* Wait.swift in Sources */,
				0C839F351BFDD74D00255EDD /* AppDelegate.swift in Sources */,
				4D7B41CE1CDC6F6300AA014E /* ResultType.swift in Sources */,
				4D7B41CF1CDC6F6300AA014E /* Threading.swift in Sources */,
				4D7B41CC1CDC6F6300AA014E /* Result+Extensions.swift in Sources */,
				4D7B41D11CDC6F6300AA014E /* Zip.swift in Sources */,
				4D7B41C81CDC6F6300AA014E /* Delay.swift in Sources */,
				4D7B41CD1CDC6F6300AA014E /* ResultPromise.swift in Sources */,
				4D7B41C71CDC6F6300AA014E /* Create.swift in Sources */,
				4D7B41CA1CDC6F6300AA014E /* Recover.swift in Sources */,
				4D7B41C91CDC6F6300AA014E /* Promisify.swift in Sources */,
			);
			runOnlyForDeploymentPostprocessing = 0;
		};
		0C839F411BFDD74D00255EDD /* Sources */ = {
			isa = PBXSourcesBuildPhase;
			buildActionMask = 2147483647;
			files = (
				0C839F4A1BFDD74D00255EDD /* ResultPromiseTests.swift in Sources */,
			);
			runOnlyForDeploymentPostprocessing = 0;
		};
/* End PBXSourcesBuildPhase section */

/* Begin PBXTargetDependency section */
		0C839F471BFDD74D00255EDD /* PBXTargetDependency */ = {
			isa = PBXTargetDependency;
			target = 0C839F301BFDD74D00255EDD /* ResultPromise */;
			targetProxy = 0C839F461BFDD74D00255EDD /* PBXContainerItemProxy */;
		};
/* End PBXTargetDependency section */

/* Begin PBXVariantGroup section */
		0C839F381BFDD74D00255EDD /* Main.storyboard */ = {
			isa = PBXVariantGroup;
			children = (
				0C839F391BFDD74D00255EDD /* Base */,
			);
			name = Main.storyboard;
			sourceTree = "<group>";
		};
		0C839F3D1BFDD74D00255EDD /* LaunchScreen.storyboard */ = {
			isa = PBXVariantGroup;
			children = (
				0C839F3E1BFDD74D00255EDD /* Base */,
			);
			name = LaunchScreen.storyboard;
			sourceTree = "<group>";
		};
/* End PBXVariantGroup section */

/* Begin XCBuildConfiguration section */
		0C839F4C1BFDD74D00255EDD /* Debug */ = {
			isa = XCBuildConfiguration;
			buildSettings = {
				ALWAYS_SEARCH_USER_PATHS = NO;
				CLANG_CXX_LANGUAGE_STANDARD = "gnu++0x";
				CLANG_CXX_LIBRARY = "libc++";
				CLANG_ENABLE_MODULES = YES;
				CLANG_ENABLE_OBJC_ARC = YES;
				CLANG_WARN_BOOL_CONVERSION = YES;
				CLANG_WARN_CONSTANT_CONVERSION = YES;
				CLANG_WARN_DIRECT_OBJC_ISA_USAGE = YES_ERROR;
				CLANG_WARN_EMPTY_BODY = YES;
				CLANG_WARN_ENUM_CONVERSION = YES;
				CLANG_WARN_INT_CONVERSION = YES;
				CLANG_WARN_OBJC_ROOT_CLASS = YES_ERROR;
				CLANG_WARN_UNREACHABLE_CODE = YES;
				CLANG_WARN__DUPLICATE_METHOD_MATCH = YES;
				"CODE_SIGN_IDENTITY[sdk=iphoneos*]" = "iPhone Developer";
				COPY_PHASE_STRIP = NO;
				DEBUG_INFORMATION_FORMAT = dwarf;
				ENABLE_STRICT_OBJC_MSGSEND = YES;
				ENABLE_TESTABILITY = YES;
				GCC_C_LANGUAGE_STANDARD = gnu99;
				GCC_DYNAMIC_NO_PIC = NO;
				GCC_NO_COMMON_BLOCKS = YES;
				GCC_OPTIMIZATION_LEVEL = 0;
				GCC_PREPROCESSOR_DEFINITIONS = (
					"DEBUG=1",
					"$(inherited)",
				);
				GCC_WARN_64_TO_32_BIT_CONVERSION = YES;
				GCC_WARN_ABOUT_RETURN_TYPE = YES_ERROR;
				GCC_WARN_UNDECLARED_SELECTOR = YES;
				GCC_WARN_UNINITIALIZED_AUTOS = YES_AGGRESSIVE;
				GCC_WARN_UNUSED_FUNCTION = YES;
				GCC_WARN_UNUSED_VARIABLE = YES;
				IPHONEOS_DEPLOYMENT_TARGET = 9.1;
				MTL_ENABLE_DEBUG_INFO = YES;
				ONLY_ACTIVE_ARCH = YES;
				SDKROOT = iphoneos;
				SWIFT_OPTIMIZATION_LEVEL = "-Onone";
			};
			name = Debug;
		};
		0C839F4D1BFDD74D00255EDD /* Release */ = {
			isa = XCBuildConfiguration;
			buildSettings = {
				ALWAYS_SEARCH_USER_PATHS = NO;
				CLANG_CXX_LANGUAGE_STANDARD = "gnu++0x";
				CLANG_CXX_LIBRARY = "libc++";
				CLANG_ENABLE_MODULES = YES;
				CLANG_ENABLE_OBJC_ARC = YES;
				CLANG_WARN_BOOL_CONVERSION = YES;
				CLANG_WARN_CONSTANT_CONVERSION = YES;
				CLANG_WARN_DIRECT_OBJC_ISA_USAGE = YES_ERROR;
				CLANG_WARN_EMPTY_BODY = YES;
				CLANG_WARN_ENUM_CONVERSION = YES;
				CLANG_WARN_INT_CONVERSION = YES;
				CLANG_WARN_OBJC_ROOT_CLASS = YES_ERROR;
				CLANG_WARN_UNREACHABLE_CODE = YES;
				CLANG_WARN__DUPLICATE_METHOD_MATCH = YES;
				"CODE_SIGN_IDENTITY[sdk=iphoneos*]" = "iPhone Developer";
				COPY_PHASE_STRIP = NO;
				DEBUG_INFORMATION_FORMAT = "dwarf-with-dsym";
				ENABLE_NS_ASSERTIONS = NO;
				ENABLE_STRICT_OBJC_MSGSEND = YES;
				GCC_C_LANGUAGE_STANDARD = gnu99;
				GCC_NO_COMMON_BLOCKS = YES;
				GCC_WARN_64_TO_32_BIT_CONVERSION = YES;
				GCC_WARN_ABOUT_RETURN_TYPE = YES_ERROR;
				GCC_WARN_UNDECLARED_SELECTOR = YES;
				GCC_WARN_UNINITIALIZED_AUTOS = YES_AGGRESSIVE;
				GCC_WARN_UNUSED_FUNCTION = YES;
				GCC_WARN_UNUSED_VARIABLE = YES;
				IPHONEOS_DEPLOYMENT_TARGET = 9.1;
				MTL_ENABLE_DEBUG_INFO = NO;
				SDKROOT = iphoneos;
				VALIDATE_PRODUCT = YES;
			};
			name = Release;
		};
		0C839F4F1BFDD74D00255EDD /* Debug */ = {
			isa = XCBuildConfiguration;
			buildSettings = {
				ASSETCATALOG_COMPILER_APPICON_NAME = AppIcon;
				INFOPLIST_FILE = ResultPromise/Info.plist;
				LD_RUNPATH_SEARCH_PATHS = "$(inherited) @executable_path/Frameworks";
				PRODUCT_BUNDLE_IDENTIFIER = itchingpixels.ResultPromise;
				PRODUCT_NAME = "$(TARGET_NAME)";
			};
			name = Debug;
		};
		0C839F501BFDD74D00255EDD /* Release */ = {
			isa = XCBuildConfiguration;
			buildSettings = {
				ASSETCATALOG_COMPILER_APPICON_NAME = AppIcon;
				INFOPLIST_FILE = ResultPromise/Info.plist;
				LD_RUNPATH_SEARCH_PATHS = "$(inherited) @executable_path/Frameworks";
				PRODUCT_BUNDLE_IDENTIFIER = itchingpixels.ResultPromise;
				PRODUCT_NAME = "$(TARGET_NAME)";
			};
			name = Release;
		};
		0C839F521BFDD74D00255EDD /* Debug */ = {
			isa = XCBuildConfiguration;
			buildSettings = {
				BUNDLE_LOADER = "$(TEST_HOST)";
				INFOPLIST_FILE = ResultPromiseTests/Info.plist;
				LD_RUNPATH_SEARCH_PATHS = "$(inherited) @executable_path/Frameworks @loader_path/Frameworks";
				PRODUCT_BUNDLE_IDENTIFIER = itchingpixels.ResultPromiseTests;
				PRODUCT_NAME = "$(TARGET_NAME)";
				TEST_HOST = "$(BUILT_PRODUCTS_DIR)/ResultPromise.app/ResultPromise";
			};
			name = Debug;
		};
		0C839F531BFDD74D00255EDD /* Release */ = {
			isa = XCBuildConfiguration;
			buildSettings = {
				BUNDLE_LOADER = "$(TEST_HOST)";
				INFOPLIST_FILE = ResultPromiseTests/Info.plist;
				LD_RUNPATH_SEARCH_PATHS = "$(inherited) @executable_path/Frameworks @loader_path/Frameworks";
				PRODUCT_BUNDLE_IDENTIFIER = itchingpixels.ResultPromiseTests;
				PRODUCT_NAME = "$(TARGET_NAME)";
				TEST_HOST = "$(BUILT_PRODUCTS_DIR)/ResultPromise.app/ResultPromise";
			};
			name = Release;
		};
/* End XCBuildConfiguration section */

/* Begin XCConfigurationList section */
		0C839F2C1BFDD74D00255EDD /* Build configuration list for PBXProject "ResultPromise" */ = {
			isa = XCConfigurationList;
			buildConfigurations = (
				0C839F4C1BFDD74D00255EDD /* Debug */,
				0C839F4D1BFDD74D00255EDD /* Release */,
			);
			defaultConfigurationIsVisible = 0;
			defaultConfigurationName = Release;
		};
		0C839F4E1BFDD74D00255EDD /* Build configuration list for PBXNativeTarget "ResultPromise" */ = {
			isa = XCConfigurationList;
			buildConfigurations = (
				0C839F4F1BFDD74D00255EDD /* Debug */,
				0C839F501BFDD74D00255EDD /* Release */,
			);
			defaultConfigurationIsVisible = 0;
			defaultConfigurationName = Release;
		};
		0C839F511BFDD74D00255EDD /* Build configuration list for PBXNativeTarget "ResultPromiseTests" */ = {
			isa = XCConfigurationList;
			buildConfigurations = (
				0C839F521BFDD74D00255EDD /* Debug */,
				0C839F531BFDD74D00255EDD /* Release */,
			);
			defaultConfigurationIsVisible = 0;
			defaultConfigurationName = Release;
		};
/* End XCConfigurationList section */
	};
	rootObject = 0C839F291BFDD74D00255EDD /* Project object */;
}
